# THIS IS AN AUTOGENERATED FILE. DO NOT EDIT THIS FILE DIRECTLY.
# yarn lockfile v1


daggy@^1.2.0:
  version "1.2.0"
  resolved "https://registry.yarnpkg.com/daggy/-/daggy-1.2.0.tgz#f0151fcffd58f1742d63d8c53a7556e84b258cb4"
  dependencies:
    sanctuary-type-classes "3.0.0"
    sanctuary-type-identifiers "1.0.0"

data.maybe@^1.2.2:
  version "1.2.2"
  resolved "https://registry.yarnpkg.com/data.maybe/-/data.maybe-1.2.2.tgz#f955e4b5572b2eb5047eab93d8bb3a1cc76a2dc3"

ramda@^0.25.0:
  version "0.25.0"
  resolved "https://registry.yarnpkg.com/ramda/-/ramda-0.25.0.tgz#8fdf68231cffa90bc2f9460390a0cb74a29b29a9"

sanctuary-type-classes@3.0.0:
  version "3.0.0"
  resolved "https://registry.yarnpkg.com/sanctuary-type-classes/-/sanctuary-type-classes-3.0.0.tgz#e4cf422abceb8c78b6f625d84d61fdb5c6d44116"
  dependencies:
    sanctuary-type-identifiers "1.0.x"

sanctuary-type-identifiers@1.0.0, sanctuary-type-identifiers@1.0.x:
  version "1.0.0"
  resolved "https://registry.yarnpkg.com/sanctuary-type-identifiers/-/sanctuary-type-identifiers-1.0.0.tgz#e8f359f006cb5e624cfb8464603fc114608bde9f"
